
Microsoft Visual Studio Solution File, Format Version 12.00
# Visual Studio Version 16
VisualStudioVersion = 16.0.29806.167
MinimumVisualStudioVersion = 10.0.40219.1
Project("{8BC9CEB8-8B4A-11D0-8D11-00A0C91BC942}") = "StringManip", "StringManip.vcxproj", "{861F18C3-7457-4635-A768-993ABA851DE6}"
EndProject
Global
	GlobalSection(SolutionConfigurationPlatforms) = preSolution
		Debug|x64 = Debug|x64
		Debug|x86 = Debug|x86
		Release|x64 = Release|x64
		Release|x86 = Release|x86
	EndGlobalSection
	GlobalSection(ProjectConfigurationPlatforms) = postSolution
		{861F18C3-7457-4635-A768-993ABA851DE6}.Debug|x64.ActiveCfg = Debug|x64
		{861F18C3-7457-4635-A768-993ABA851DE6}.Debug|x64.Build.0 = Debug|x64
		{861F18C3-7457-4635-A768-993ABA851DE6}.Debug|x86.ActiveCfg = Debug|Win32
		{861F18C3-7457-4635-A768-993ABA851DE6}.Debug|x86.Build.0 = Debug|Win32
		{861F18C3-7457-4635-A768-993ABA851DE6}.Release|x64.ActiveCfg = Release|x64
		{861F18C3-7457-4635-A768-993ABA851DE6}.Release|x64.Build.0 = Release|x64
		{861F18C3-7457-4635-A768-993ABA851DE6}.Release|x86.ActiveCfg = Release|Win32
		{861F18C3-7457-4635-A768-993ABA851DE6}.Release|x86.Build.0 = Release|Win32
	EndGlobalSection
	GlobalSection(SolutionProperties) = preSolution
		HideSolutionNode = FALSE
	EndGlobalSection
	GlobalSection(ExtensibilityGlobals) = postSolution
		SolutionGuid = {6DE19947-0644-4D3B-93ED-27582E46DCDD}
	EndGlobalSection
EndGlobal
